
Microsoft Visual Studio Solution File, Format Version 12.00
# Visual Studio Version 16
VisualStudioVersion = 16.0.30611.23
MinimumVisualStudioVersion = 10.0.40219.1
Project("{FAE04EC0-301F-11D3-BF4B-00C04F79EFBC}") = "Excel", "Excel\Excel.csproj", "{54592381-969C-4A70-B415-E6E355CE95AF}"
EndProject
Project("{FAE04EC0-301F-11D3-BF4B-00C04F79EFBC}") = "ExcelTests", "ExcelTests\ExcelTests.csproj", "{4295F0E4-7F57-4A63-B43B-99AA1D622A42}"
EndProject
Global
	GlobalSection(SolutionConfigurationPlatforms) = preSolution
		Debug|Any CPU = Debug|Any CPU
		Release|Any CPU = Release|Any CPU
	EndGlobalSection
	GlobalSection(ProjectConfigurationPlatforms) = postSolution
		{54592381-969C-4A70-B415-E6E355CE95AF}.Debug|Any CPU.ActiveCfg = Debug|Any CPU
		{54592381-969C-4A70-B415-E6E355CE95AF}.Debug|Any CPU.Build.0 = Debug|Any CPU
		{54592381-969C-4A70-B415-E6E355CE95AF}.Release|Any CPU.ActiveCfg = Release|Any CPU
		{54592381-969C-4A70-B415-E6E355CE95AF}.Release|Any CPU.Build.0 = Release|Any CPU
		{4295F0E4-7F57-4A63-B43B-99AA1D622A42}.Debug|Any CPU.ActiveCfg = Debug|Any CPU
		{4295F0E4-7F57-4A63-B43B-99AA1D622A42}.Debug|Any CPU.Build.0 = Debug|Any CPU
		{4295F0E4-7F57-4A63-B43B-99AA1D622A42}.Release|Any CPU.ActiveCfg = Release|Any CPU
		{4295F0E4-7F57-4A63-B43B-99AA1D622A42}.Release|Any CPU.Build.0 = Release|Any CPU
	EndGlobalSection
	GlobalSection(SolutionProperties) = preSolution
		HideSolutionNode = FALSE
	EndGlobalSection
	GlobalSection(ExtensibilityGlobals) = postSolution
		SolutionGuid = {718E98D7-077D-4FE0-B70B-4561869A7ED3}
	EndGlobalSection
EndGlobal
